{
  "version": 4,
  "terraform_version": "1.13.4",
  "serial": 148,
  "lineage": "93d6dc4b-b2c9-0b0e-0ca9-36f8c0bad994",
  "outputs": {
    "cognito_client_id": {
      "value": "1f2i3813o3f1jdet7j6ifo1eea",
      "type": "string"
    },
    "cognito_domain": {
      "value": "sensapbl-pilot.auth.us-east-1.amazoncognito.com",
      "type": "string"
    },
    "cognito_user_pool_id": {
      "value": "us-east-1_nNdVox578",
      "type": "string"
    },
    "dynamodb_concepts_table": {
      "value": "sensapbl-concepts-pilot",
      "type": "string"
    },
    "dynamodb_jobs_table": {
      "value": "sensapbl-jobs-pilot",
      "type": "string"
    },
    "lambda_generate_function": {
      "value": "sensapbl-generate-concepts-pilot",
      "type": "string"
    },
    "lambda_query_function": {
      "value": "sensapbl-query-concepts-pilot",
      "type": "string"
    },
    "s3_content_bucket": {
      "value": "sensapbl-pilot-content-311964231104",
      "type": "string"
    }
  },
  "resources": [
    {
      "module": "module.cognito",
      "mode": "data",
      "type": "aws_region",
      "name": "current",
      "provider": "provider[\"registry.terraform.io/hashicorp/aws\"]",
      "instances": [
        {
          "schema_version": 0,
          "attributes": {
            "description": "US East (N. Virginia)",
            "endpoint": "ec2.us-east-1.amazonaws.com",
            "id": "us-east-1",
            "name": "us-east-1"
          },
          "sensitive_attributes": [],
          "identity_schema_version": 0
        }
      ]
    },
    {
      "module": "module.cognito",
      "mode": "managed",
      "type": "aws_cognito_user_pool",
      "name": "main",
      "provider": "provider[\"registry.terraform.io/hashicorp/aws\"]",
      "instances": [
        {
          "schema_version": 0,
          "attributes": {
            "account_recovery_setting": [
              {
                "recovery_mechanism": [
                  {
                    "name": "verified_email",
                    "priority": 1
                  },
                  {
                    "name": "verified_phone_number",
                    "priority": 2
                  }
                ]
              }
            ],
            "admin_create_user_config": [
              {
                "allow_admin_create_user_only": false,
                "invite_message_template": []
              }
            ],
            "alias_attributes": null,
            "arn": "arn:aws:cognito-idp:us-east-1:311964231104:userpool/us-east-1_nNdVox578",
            "auto_verified_attributes": [
              "email"
            ],
            "creation_date": "2026-01-13T19:12:49Z",
            "custom_domain": "",
            "deletion_protection": "INACTIVE",
            "device_configuration": [],
            "domain": "sensapbl-pilot",
            "email_configuration": [
              {
                "configuration_set": "",
                "email_sending_account": "COGNITO_DEFAULT",
                "from_email_address": "",
                "reply_to_email_address": "",
                "source_arn": ""
              }
            ],
            "email_mfa_configuration": [],
            "email_verification_message": "Your verification code is {####}",
            "email_verification_subject": "SensaPBL - Verify your email",
            "endpoint": "cognito-idp.us-east-1.amazonaws.com/us-east-1_nNdVox578",
            "estimated_number_of_users": 0,
            "id": "us-east-1_nNdVox578",
            "lambda_config": [],
            "last_modified_date": "2026-01-13T19:12:49Z",
            "mfa_configuration": "OFF",
            "name": "sensapbl-pilot",
            "password_policy": [
              {
                "minimum_length": 8,
                "password_history_size": 0,
                "require_lowercase": true,
                "require_numbers": true,
                "require_symbols": false,
                "require_uppercase": true,
                "temporary_password_validity_days": 7
              }
            ],
            "schema": [
              {
                "attribute_data_type": "String",
                "developer_only_attribute": false,
                "mutable": true,
                "name": "email",
                "number_attribute_constraints": [],
                "required": true,
                "string_attribute_constraints": [
                  {
                    "max_length": "256",
                    "min_length": "1"
                  }
                ]
              },
              {
                "attribute_data_type": "String",
                "developer_only_attribute": false,
                "mutable": true,
                "name": "name",
                "number_attribute_constraints": [],
                "required": false,
                "string_attribute_constraints": [
                  {
                    "max_length": "256",
                    "min_length": "1"
                  }
                ]
              }
            ],
            "sign_in_policy": [
              {
                "allowed_first_auth_factors": [
                  "PASSWORD"
                ]
              }
            ],
            "sms_authentication_message": "",
            "sms_configuration": [],
            "sms_verification_message": "",
            "software_token_mfa_configuration": [],
            "tags": {
              "Name": "sensapbl-pilot-user-pool"
            },
            "tags_all": {
              "Environment": "pilot",
              "ManagedBy": "Terraform",
              "Name": "sensapbl-pilot-user-pool",
              "Project": "SensaPBL"
            },
            "user_attribute_update_settings": [],
            "user_pool_add_ons": [],
            "user_pool_tier": "ESSENTIALS",
            "username_attributes": [
              "email"
            ],
            "username_configuration": [],
            "verification_message_template": [
              {
                "default_email_option": "CONFIRM_WITH_CODE",
                "email_message": "Your verification code is {####}",
                "email_message_by_link": "",
                "email_subject": "SensaPBL - Verify your email",
                "email_subject_by_link": "",
                "sms_message": ""
              }
            ],
            "web_authn_configuration": []
          },
          "sensitive_attributes": [],
          "identity_schema_version": 0,
          "private": "bnVsbA=="
        }
      ]
    },
    {
      "module": "module.cognito",
      "mode": "managed",
      "type": "aws_cognito_user_pool_client",
      "name": "main",
      "provider": "provider[\"registry.terraform.io/hashicorp/aws\"]",
      "instances": [
        {
          "schema_version": 0,
          "attributes": {
            "access_token_validity": 0,
            "allowed_oauth_flows": [
              "code",
              "implicit"
            ],
            "allowed_oauth_flows_user_pool_client": true,
            "allowed_oauth_scopes": [
              "email",
              "openid",
              "profile"
            ],
            "analytics_configuration": [],
            "auth_session_validity": 3,
            "callback_urls": [
              "http://localhost:5173/callback"
            ],
            "client_secret": "",
            "default_redirect_uri": "",
            "enable_propagate_additional_user_context_data": false,
            "enable_token_revocation": true,
            "explicit_auth_flows": [
              "ALLOW_REFRESH_TOKEN_AUTH",
              "ALLOW_USER_PASSWORD_AUTH",
              "ALLOW_USER_SRP_AUTH"
            ],
            "generate_secret": false,
            "id": "1f2i3813o3f1jdet7j6ifo1eea",
            "id_token_validity": 0,
            "logout_urls": [
              "http://localhost:5173"
            ],
            "name": "sensapbl-pilot-client",
            "prevent_user_existence_errors": "",
            "read_attributes": [],
            "refresh_token_rotation": [],
            "refresh_token_validity": 30,
            "supported_identity_providers": [
              "COGNITO"
            ],
            "token_validity_units": [],
            "user_pool_id": "us-east-1_nNdVox578",
            "write_attributes": []
          },
          "sensitive_attributes": [
            [
              {
                "type": "get_attr",
                "value": "client_secret"
              }
            ]
          ],
          "identity_schema_version": 0,
          "dependencies": [
            "module.cognito.aws_cognito_user_pool.main"
          ]
        }
      ]
    },
    {
      "module": "module.cognito",
      "mode": "managed",
      "type": "aws_cognito_user_pool_domain",
      "name": "main",
      "provider": "provider[\"registry.terraform.io/hashicorp/aws\"]",
      "instances": [
        {
          "schema_version": 0,
          "attributes": {
            "aws_account_id": "311964231104",
            "certificate_arn": "",
            "cloudfront_distribution": "d3oia8etllorh5.cloudfront.net",
            "cloudfront_distribution_arn": "d3oia8etllorh5.cloudfront.net",
            "cloudfront_distribution_zone_id": "Z2FDTNDATAQYW2",
            "domain": "sensapbl-pilot",
            "id": "sensapbl-pilot",
            "managed_login_version": 1,
            "s3_bucket": "aws-cognito-prod-iad-assets",
            "user_pool_id": "us-east-1_nNdVox578",
            "version": "20260113191250"
          },
          "sensitive_attributes": [],
          "identity_schema_version": 0,
          "private": "bnVsbA==",
          "dependencies": [
            "module.cognito.aws_cognito_user_pool.main"
          ]
        }
      ]
    },
    {
      "module": "module.dynamodb",
      "mode": "managed",
      "type": "aws_dynamodb_table",
      "name": "concepts",
      "provider": "provider[\"registry.terraform.io/hashicorp/aws\"]",
      "instances": [
        {
          "schema_version": 1,
          "attributes": {
            "arn": "arn:aws:dynamodb:us-east-1:311964231104:table/sensapbl-concepts-pilot",
            "attribute": [
              {
                "name": "GSI1PK",
                "type": "S"
              },
              {
                "name": "GSI1SK",
                "type": "S"
              },
              {
                "name": "PK",
                "type": "S"
              },
              {
                "name": "SK",
                "type": "S"
              }
            ],
            "billing_mode": "PAY_PER_REQUEST",
            "deletion_protection_enabled": false,
            "global_secondary_index": [
              {
                "hash_key": "GSI1PK",
                "name": "tier-index",
                "non_key_attributes": [],
                "on_demand_throughput": [],
                "projection_type": "ALL",
                "range_key": "GSI1SK",
                "read_capacity": 0,
                "write_capacity": 0
              }
            ],
            "hash_key": "PK",
            "id": "sensapbl-concepts-pilot",
            "import_table": [],
            "local_secondary_index": [],
            "name": "sensapbl-concepts-pilot",
            "on_demand_throughput": [],
            "point_in_time_recovery": [
              {
                "enabled": false,
                "recovery_period_in_days": 0
              }
            ],
            "range_key": "SK",
            "read_capacity": 0,
            "replica": [],
            "restore_date_time": null,
            "restore_source_name": null,
            "restore_source_table_arn": null,
            "restore_to_latest_time": null,
            "server_side_encryption": [],
            "stream_arn": "",
            "stream_enabled": false,
            "stream_label": "",
            "stream_view_type": "",
            "table_class": "STANDARD",
            "tags": {
              "Component": "ServerlessLearning",
              "Environment": "pilot",
              "Name": "sensapbl-concepts-pilot"
            },
            "tags_all": {
              "Component": "ServerlessLearning",
              "Environment": "pilot",
              "ManagedBy": "Terraform",
              "Name": "sensapbl-concepts-pilot",
              "Project": "SensaPBL"
            },
            "timeouts": null,
            "ttl": [
              {
                "attribute_name": "expiresAt",
                "enabled": true
              }
            ],
            "write_capacity": 0
          },
          "sensitive_attributes": [],
          "identity_schema_version": 0,
          "private": "eyJlMmJmYjczMC1lY2FhLTExZTYtOGY4OC0zNDM2M2JjN2M0YzAiOnsiY3JlYXRlIjoxODAwMDAwMDAwMDAwLCJkZWxldGUiOjYwMDAwMDAwMDAwMCwidXBkYXRlIjozNjAwMDAwMDAwMDAwfSwic2NoZW1hX3ZlcnNpb24iOiIxIn0="
        }
      ]
    },
    {
      "module": "module.dynamodb",
      "mode": "managed",
      "type": "aws_dynamodb_table",
      "name": "generation_jobs",
      "provider": "provider[\"registry.terraform.io/hashicorp/aws\"]",
      "instances": [
        {
          "schema_version": 1,
          "attributes": {
            "arn": "arn:aws:dynamodb:us-east-1:311964231104:table/sensapbl-jobs-pilot",
            "attribute": [
              {
                "name": "jobId",
                "type": "S"
              },
              {
                "name": "userId",
                "type": "S"
              }
            ],
            "billing_mode": "PAY_PER_REQUEST",
            "deletion_protection_enabled": false,
            "global_secondary_index": [],
            "hash_key": "jobId",
            "id": "sensapbl-jobs-pilot",
            "import_table": [],
            "local_secondary_index": [],
            "name": "sensapbl-jobs-pilot",
            "on_demand_throughput": [],
            "point_in_time_recovery": [
              {
                "enabled": false,
                "recovery_period_in_days": 0
              }
            ],
            "range_key": "userId",
            "read_capacity": 0,
            "replica": [],
            "restore_date_time": null,
            "restore_source_name": null,
            "restore_source_table_arn": null,
            "restore_to_latest_time": null,
            "server_side_encryption": [],
            "stream_arn": "",
            "stream_enabled": false,
            "stream_label": "",
            "stream_view_type": "",
            "table_class": "STANDARD",
            "tags": {
              "Component": "ServerlessLearning",
              "Environment": "pilot",
              "Name": "sensapbl-jobs-pilot"
            },
            "tags_all": {
              "Component": "ServerlessLearning",
              "Environment": "pilot",
              "ManagedBy": "Terraform",
              "Name": "sensapbl-jobs-pilot",
              "Project": "SensaPBL"
            },
            "timeouts": null,
            "ttl": [
              {
                "attribute_name": "expiresAt",
                "enabled": true
              }
            ],
            "write_capacity": 0
          },
          "sensitive_attributes": [],
          "identity_schema_version": 0,
          "private": "eyJlMmJmYjczMC1lY2FhLTExZTYtOGY4OC0zNDM2M2JjN2M0YzAiOnsiY3JlYXRlIjoxODAwMDAwMDAwMDAwLCJkZWxldGUiOjYwMDAwMDAwMDAwMCwidXBkYXRlIjozNjAwMDAwMDAwMDAwfSwic2NoZW1hX3ZlcnNpb24iOiIxIn0="
        }
      ]
    },
    {
      "module": "module.lambda",
      "mode": "data",
      "type": "archive_file",
      "name": "lambda_zip",
      "provider": "provider[\"registry.terraform.io/hashicorp/archive\"]",
      "instances": [
        {
          "schema_version": 0,
          "attributes": {
            "exclude_symlink_directories": null,
            "excludes": [
              ".git",
              ".pytest_cache",
              ".venv",
              "__pycache__",
              "tests",
              "venv"
            ],
            "id": "35a187145b53d5bcc5669a5ffb5ec315c96b2f12",
            "output_base64sha256": "NGRBDNC31pcvlijg15GCQBcPT/EqY5lWN/lhpZ3P7Dk=",
            "output_base64sha512": "D0tYBlG5Ko8+XvymUNS+zj+LTgLu37krqQuys2OGziIJywqsK1IV9apbJDVy5O3vp9CFwI1UuhN425IfpUFW3w==",
            "output_file_mode": null,
            "output_md5": "f5bffbfe534b84f3e7f2f5ac87b9c5d1",
            "output_path": "modules/lambda/lambda.zip",
            "output_sha": "35a187145b53d5bcc5669a5ffb5ec315c96b2f12",
            "output_sha256": "3464410cd0b7d6972f9628e0d7918240170f4ff12a63995637f961a59dcfec39",
            "output_sha512": "0f4b580651b92a8f3e5efca650d4bece3f8b4e02eedfb92ba90bb2b36386ce2209cb0aac2b5215f5aa5b243572e4edefa7d085c08d54ba1378db921fa54156df",
            "output_size": 59759,
            "source": [],
            "source_content": null,
            "source_content_filename": null,
            "source_dir": "./../../backend/lambda",
            "source_file": null,
            "type": "zip"
          },
          "sensitive_attributes": [],
          "identity_schema_version": 0
        }
      ]
    },
    {
      "module": "module.lambda",
      "mode": "managed",
      "type": "aws_cloudwatch_log_group",
      "name": "generate_concepts",
      "provider": "provider[\"registry.terraform.io/hashicorp/aws\"]",
      "instances": [
        {
          "schema_version": 0,
          "attributes": {
            "arn": "arn:aws:logs:us-east-1:311964231104:log-group:/aws/lambda/sensapbl-generate-concepts-pilot",
            "id": "/aws/lambda/sensapbl-generate-concepts-pilot",
            "kms_key_id": "",
            "log_group_class": "STANDARD",
            "name": "/aws/lambda/sensapbl-generate-concepts-pilot",
            "name_prefix": "",
            "retention_in_days": 30,
            "skip_destroy": false,
            "tags": {
              "Component": "ServerlessLearning"
            },
            "tags_all": {
              "Component": "ServerlessLearning",
              "Environment": "pilot",
              "ManagedBy": "Terraform",
              "Project": "SensaPBL"
            }
          },
          "sensitive_attributes": [],
          "identity_schema_version": 0,
          "private": "bnVsbA==",
          "dependencies": [
            "module.dynamodb.aws_dynamodb_table.concepts",
            "module.dynamodb.aws_dynamodb_table.generation_jobs",
            "module.lambda.aws_iam_role.lambda_execution",
            "module.lambda.aws_lambda_function.generate_concepts",
            "module.lambda.data.archive_file.lambda_zip"
          ]
        }
      ]
    },
    {
      "module": "module.lambda",
      "mode": "managed",
      "type": "aws_cloudwatch_log_group",
      "name": "query_concepts",
      "provider": "provider[\"registry.terraform.io/hashicorp/aws\"]",
      "instances": [
        {
          "schema_version": 0,
          "attributes": {
            "arn": "arn:aws:logs:us-east-1:311964231104:log-group:/aws/lambda/sensapbl-query-concepts-pilot",
            "id": "/aws/lambda/sensapbl-query-concepts-pilot",
            "kms_key_id": "",
            "log_group_class": "STANDARD",
            "name": "/aws/lambda/sensapbl-query-concepts-pilot",
            "name_prefix": "",
            "retention_in_days": 30,
            "skip_destroy": false,
            "tags": {
              "Component": "ServerlessLearning"
            },
            "tags_all": {
              "Component": "ServerlessLearning",
              "Environment": "pilot",
              "ManagedBy": "Terraform",
              "Project": "SensaPBL"
            }
          },
          "sensitive_attributes": [],
          "identity_schema_version": 0,
          "private": "bnVsbA==",
          "dependencies": [
            "module.dynamodb.aws_dynamodb_table.concepts",
            "module.dynamodb.aws_dynamodb_table.generation_jobs",
            "module.lambda.aws_iam_role.lambda_execution",
            "module.lambda.aws_lambda_function.query_concepts",
            "module.lambda.data.archive_file.lambda_zip"
          ]
        }
      ]
    },
    {
      "module": "module.lambda",
      "mode": "managed",
      "type": "aws_iam_role",
      "name": "lambda_execution",
      "provider": "provider[\"registry.terraform.io/hashicorp/aws\"]",
      "instances": [
        {
          "schema_version": 0,
          "attributes": {
            "arn": "arn:aws:iam::311964231104:role/sensapbl-lambda-execution-pilot",
            "assume_role_policy": "{\"Statement\":[{\"Action\":\"sts:AssumeRole\",\"Effect\":\"Allow\",\"Principal\":{\"Service\":\"lambda.amazonaws.com\"}}],\"Version\":\"2012-10-17\"}",
            "create_date": "2026-01-13T19:13:15Z",
            "description": "",
            "force_detach_policies": false,
            "id": "sensapbl-lambda-execution-pilot",
            "inline_policy": [
              {
                "name": "sensapbl-lambda-policy-pilot",
                "policy": "{\"Version\":\"2012-10-17\",\"Statement\":[{\"Action\":[\"logs:CreateLogGroup\",\"logs:CreateLogStream\",\"logs:PutLogEvents\"],\"Effect\":\"Allow\",\"Resource\":\"arn:aws:logs:*:*:*\"},{\"Action\":[\"dynamodb:PutItem\",\"dynamodb:GetItem\",\"dynamodb:Query\",\"dynamodb:UpdateItem\",\"dynamodb:DeleteItem\",\"dynamodb:BatchWriteItem\"],\"Effect\":\"Allow\",\"Resource\":[\"arn:aws:dynamodb:us-east-1:311964231104:table/sensapbl-concepts-pilot\",\"arn:aws:dynamodb:us-east-1:311964231104:table/sensapbl-concepts-pilot/index/*\",\"arn:aws:dynamodb:us-east-1:311964231104:table/sensapbl-jobs-pilot\"]},{\"Action\":[\"bedrock:InvokeModel\",\"bedrock:InvokeModelWithResponseStream\"],\"Effect\":\"Allow\",\"Resource\":\"*\"}]}"
              }
            ],
            "managed_policy_arns": [],
            "max_session_duration": 3600,
            "name": "sensapbl-lambda-execution-pilot",
            "name_prefix": "",
            "path": "/",
            "permissions_boundary": "",
            "tags": {
              "Component": "ServerlessLearning"
            },
            "tags_all": {
              "Component": "ServerlessLearning",
              "Environment": "pilot",
              "ManagedBy": "Terraform",
              "Project": "SensaPBL"
            },
            "unique_id": "AROAURIUEMXANIK3PNF2O"
          },
          "sensitive_attributes": [],
          "identity_schema_version": 0,
          "private": "bnVsbA==",
          "dependencies": [
            "module.dynamodb.aws_dynamodb_table.concepts",
            "module.dynamodb.aws_dynamodb_table.generation_jobs"
          ]
        }
      ]
    },
    {
      "module": "module.lambda",
      "mode": "managed",
      "type": "aws_iam_role_policy",
      "name": "lambda_policy",
      "provider": "provider[\"registry.terraform.io/hashicorp/aws\"]",
      "instances": [
        {
          "schema_version": 0,
          "attributes": {
            "id": "sensapbl-lambda-execution-pilot:sensapbl-lambda-policy-pilot",
            "name": "sensapbl-lambda-policy-pilot",
            "name_prefix": "",
            "policy": "{\"Version\":\"2012-10-17\",\"Statement\":[{\"Action\":[\"logs:CreateLogGroup\",\"logs:CreateLogStream\",\"logs:PutLogEvents\"],\"Effect\":\"Allow\",\"Resource\":\"arn:aws:logs:*:*:*\"},{\"Action\":[\"dynamodb:PutItem\",\"dynamodb:GetItem\",\"dynamodb:Query\",\"dynamodb:UpdateItem\",\"dynamodb:DeleteItem\",\"dynamodb:BatchWriteItem\"],\"Effect\":\"Allow\",\"Resource\":[\"arn:aws:dynamodb:us-east-1:311964231104:table/sensapbl-concepts-pilot\",\"arn:aws:dynamodb:us-east-1:311964231104:table/sensapbl-concepts-pilot/index/*\",\"arn:aws:dynamodb:us-east-1:311964231104:table/sensapbl-jobs-pilot\"]},{\"Action\":[\"bedrock:InvokeModel\",\"bedrock:InvokeModelWithResponseStream\"],\"Effect\":\"Allow\",\"Resource\":\"*\"}]}",
            "role": "sensapbl-lambda-execution-pilot"
          },
          "sensitive_attributes": [],
          "identity_schema_version": 0,
          "private": "bnVsbA==",
          "dependencies": [
            "module.dynamodb.aws_dynamodb_table.concepts",
            "module.dynamodb.aws_dynamodb_table.generation_jobs",
            "module.lambda.aws_iam_role.lambda_execution"
          ]
        }
      ]
    },
    {
      "module": "module.lambda",
      "mode": "managed",
      "type": "aws_lambda_function",
      "name": "generate_concepts",
      "provider": "provider[\"registry.terraform.io/hashicorp/aws\"]",
      "instances": [
        {
          "schema_version": 0,
          "attributes": {
            "architectures": [
              "x86_64"
            ],
            "arn": "arn:aws:lambda:us-east-1:311964231104:function:sensapbl-generate-concepts-pilot",
            "code_sha256": "NGRBDNC31pcvlijg15GCQBcPT/EqY5lWN/lhpZ3P7Dk=",
            "code_signing_config_arn": "",
            "dead_letter_config": [],
            "description": "",
            "environment": [
              {
                "variables": {
                  "CONCEPTS_TABLE": "sensapbl-concepts-pilot",
                  "ENVIRONMENT": "pilot",
                  "JOBS_TABLE": "sensapbl-jobs-pilot"
                }
              }
            ],
            "ephemeral_storage": [
              {
                "size": 512
              }
            ],
            "file_system_config": [],
            "filename": "modules/lambda/lambda.zip",
            "function_name": "sensapbl-generate-concepts-pilot",
            "handler": "generate_concepts.handler.lambda_handler",
            "id": "sensapbl-generate-concepts-pilot",
            "image_config": [],
            "image_uri": "",
            "invoke_arn": "arn:aws:apigateway:us-east-1:lambda:path/2015-03-31/functions/arn:aws:lambda:us-east-1:311964231104:function:sensapbl-generate-concepts-pilot/invocations",
            "kms_key_arn": "",
            "last_modified": "2026-01-13T19:13:24.324+0000",
            "layers": [],
            "logging_config": [
              {
                "application_log_level": "",
                "log_format": "Text",
                "log_group": "/aws/lambda/sensapbl-generate-concepts-pilot",
                "system_log_level": ""
              }
            ],
            "memory_size": 10240,
            "package_type": "Zip",
            "publish": false,
            "qualified_arn": "arn:aws:lambda:us-east-1:311964231104:function:sensapbl-generate-concepts-pilot:$LATEST",
            "qualified_invoke_arn": "arn:aws:apigateway:us-east-1:lambda:path/2015-03-31/functions/arn:aws:lambda:us-east-1:311964231104:function:sensapbl-generate-concepts-pilot:$LATEST/invocations",
            "replace_security_groups_on_destroy": null,
            "replacement_security_group_ids": null,
            "reserved_concurrent_executions": -1,
            "role": "arn:aws:iam::311964231104:role/sensapbl-lambda-execution-pilot",
            "runtime": "python3.12",
            "s3_bucket": null,
            "s3_key": null,
            "s3_object_version": null,
            "signing_job_arn": "",
            "signing_profile_version_arn": "",
            "skip_destroy": false,
            "snap_start": [],
            "source_code_hash": "NGRBDNC31pcvlijg15GCQBcPT/EqY5lWN/lhpZ3P7Dk=",
            "source_code_size": 59759,
            "tags": {
              "Component": "ServerlessLearning",
              "Environment": "pilot",
              "Name": "sensapbl-generate-concepts-pilot"
            },
            "tags_all": {
              "Component": "ServerlessLearning",
              "Environment": "pilot",
              "ManagedBy": "Terraform",
              "Name": "sensapbl-generate-concepts-pilot",
              "Project": "SensaPBL"
            },
            "timeout": 900,
            "timeouts": null,
            "tracing_config": [
              {
                "mode": "PassThrough"
              }
            ],
            "version": "$LATEST",
            "vpc_config": []
          },
          "sensitive_attributes": [],
          "identity_schema_version": 0,
          "private": "eyJlMmJmYjczMC1lY2FhLTExZTYtOGY4OC0zNDM2M2JjN2M0YzAiOnsiY3JlYXRlIjo2MDAwMDAwMDAwMDAsImRlbGV0ZSI6NjAwMDAwMDAwMDAwLCJ1cGRhdGUiOjYwMDAwMDAwMDAwMH19",
          "dependencies": [
            "module.dynamodb.aws_dynamodb_table.concepts",
            "module.dynamodb.aws_dynamodb_table.generation_jobs",
            "module.lambda.aws_iam_role.lambda_execution",
            "module.lambda.data.archive_file.lambda_zip"
          ]
        }
      ]
    },
    {
      "module": "module.lambda",
      "mode": "managed",
      "type": "aws_lambda_function",
      "name": "query_concepts",
      "provider": "provider[\"registry.terraform.io/hashicorp/aws\"]",
      "instances": [
        {
          "schema_version": 0,
          "attributes": {
            "architectures": [
              "x86_64"
            ],
            "arn": "arn:aws:lambda:us-east-1:311964231104:function:sensapbl-query-concepts-pilot",
            "code_sha256": "NGRBDNC31pcvlijg15GCQBcPT/EqY5lWN/lhpZ3P7Dk=",
            "code_signing_config_arn": "",
            "dead_letter_config": [],
            "description": "",
            "environment": [
              {
                "variables": {
                  "CONCEPTS_TABLE": "sensapbl-concepts-pilot",
                  "ENVIRONMENT": "pilot"
                }
              }
            ],
            "ephemeral_storage": [
              {
                "size": 512
              }
            ],
            "file_system_config": [],
            "filename": "modules/lambda/lambda.zip",
            "function_name": "sensapbl-query-concepts-pilot",
            "handler": "query_concepts.handler.lambda_handler",
            "id": "sensapbl-query-concepts-pilot",
            "image_config": [],
            "image_uri": "",
            "invoke_arn": "arn:aws:apigateway:us-east-1:lambda:path/2015-03-31/functions/arn:aws:lambda:us-east-1:311964231104:function:sensapbl-query-concepts-pilot/invocations",
            "kms_key_arn": "",
            "last_modified": "2026-01-13T19:13:31.871+0000",
            "layers": [],
            "logging_config": [
              {
                "application_log_level": "",
                "log_format": "Text",
                "log_group": "/aws/lambda/sensapbl-query-concepts-pilot",
                "system_log_level": ""
              }
            ],
            "memory_size": 512,
            "package_type": "Zip",
            "publish": false,
            "qualified_arn": "arn:aws:lambda:us-east-1:311964231104:function:sensapbl-query-concepts-pilot:$LATEST",
            "qualified_invoke_arn": "arn:aws:apigateway:us-east-1:lambda:path/2015-03-31/functions/arn:aws:lambda:us-east-1:311964231104:function:sensapbl-query-concepts-pilot:$LATEST/invocations",
            "replace_security_groups_on_destroy": null,
            "replacement_security_group_ids": null,
            "reserved_concurrent_executions": -1,
            "role": "arn:aws:iam::311964231104:role/sensapbl-lambda-execution-pilot",
            "runtime": "python3.12",
            "s3_bucket": null,
            "s3_key": null,
            "s3_object_version": null,
            "signing_job_arn": "",
            "signing_profile_version_arn": "",
            "skip_destroy": false,
            "snap_start": [],
            "source_code_hash": "NGRBDNC31pcvlijg15GCQBcPT/EqY5lWN/lhpZ3P7Dk=",
            "source_code_size": 59759,
            "tags": {
              "Component": "ServerlessLearning",
              "Environment": "pilot",
              "Name": "sensapbl-query-concepts-pilot"
            },
            "tags_all": {
              "Component": "ServerlessLearning",
              "Environment": "pilot",
              "ManagedBy": "Terraform",
              "Name": "sensapbl-query-concepts-pilot",
              "Project": "SensaPBL"
            },
            "timeout": 30,
            "timeouts": null,
            "tracing_config": [
              {
                "mode": "PassThrough"
              }
            ],
            "version": "$LATEST",
            "vpc_config": []
          },
          "sensitive_attributes": [],
          "identity_schema_version": 0,
          "private": "eyJlMmJmYjczMC1lY2FhLTExZTYtOGY4OC0zNDM2M2JjN2M0YzAiOnsiY3JlYXRlIjo2MDAwMDAwMDAwMDAsImRlbGV0ZSI6NjAwMDAwMDAwMDAwLCJ1cGRhdGUiOjYwMDAwMDAwMDAwMH19",
          "dependencies": [
            "module.dynamodb.aws_dynamodb_table.concepts",
            "module.dynamodb.aws_dynamodb_table.generation_jobs",
            "module.lambda.aws_iam_role.lambda_execution",
            "module.lambda.data.archive_file.lambda_zip"
          ]
        }
      ]
    },
    {
      "module": "module.lambda",
      "mode": "managed",
      "type": "aws_lambda_provisioned_concurrency_config",
      "name": "query_concepts",
      "provider": "provider[\"registry.terraform.io/hashicorp/aws\"]",
      "instances": []
    },
    {
      "module": "module.s3",
      "mode": "data",
      "type": "aws_caller_identity",
      "name": "current",
      "provider": "provider[\"registry.terraform.io/hashicorp/aws\"]",
      "instances": [
        {
          "schema_version": 0,
          "attributes": {
            "account_id": "311964231104",
            "arn": "arn:aws:iam::311964231104:user/sensapblUniversallf",
            "id": "311964231104",
            "user_id": "AIDAURIUEMXABODPXBRJ4"
          },
          "sensitive_attributes": [],
          "identity_schema_version": 0
        }
      ]
    },
    {
      "module": "module.s3",
      "mode": "managed",
      "type": "aws_s3_bucket",
      "name": "content",
      "provider": "provider[\"registry.terraform.io/hashicorp/aws\"]",
      "instances": [
        {
          "schema_version": 0,
          "attributes": {
            "acceleration_status": "",
            "acl": null,
            "arn": "arn:aws:s3:::sensapbl-pilot-content-311964231104",
            "bucket": "sensapbl-pilot-content-311964231104",
            "bucket_domain_name": "sensapbl-pilot-content-311964231104.s3.amazonaws.com",
            "bucket_prefix": "",
            "bucket_regional_domain_name": "sensapbl-pilot-content-311964231104.s3.us-east-1.amazonaws.com",
            "cors_rule": [
              {
                "allowed_headers": [
                  "*"
                ],
                "allowed_methods": [
                  "POST",
                  "GET",
                  "PUT",
                  "DELETE"
                ],
                "allowed_origins": [
                  "*"
                ],
                "expose_headers": [
                  "ETag"
                ],
                "max_age_seconds": 3000
              }
            ],
            "force_destroy": false,
            "grant": [
              {
                "id": "0a0f694babc7513a9a4db794b73a49e3f976c6dd372a1a7d7cbd7c627a59c137",
                "permissions": [
                  "FULL_CONTROL"
                ],
                "type": "CanonicalUser",
                "uri": ""
              }
            ],
            "hosted_zone_id": "Z3AQBSTGFYJSTF",
            "id": "sensapbl-pilot-content-311964231104",
            "lifecycle_rule": [],
            "logging": [],
            "object_lock_configuration": [],
            "object_lock_enabled": false,
            "policy": "",
            "region": "us-east-1",
            "replication_configuration": [],
            "request_payer": "BucketOwner",
            "server_side_encryption_configuration": [
              {
                "rule": [
                  {
                    "apply_server_side_encryption_by_default": [
                      {
                        "kms_master_key_id": "",
                        "sse_algorithm": "AES256"
                      }
                    ],
                    "bucket_key_enabled": false
                  }
                ]
              }
            ],
            "tags": {
              "Name": "sensapbl-pilot-content"
            },
            "tags_all": {
              "Environment": "pilot",
              "ManagedBy": "Terraform",
              "Name": "sensapbl-pilot-content",
              "Project": "SensaPBL"
            },
            "timeouts": null,
            "versioning": [
              {
                "enabled": true,
                "mfa_delete": false
              }
            ],
            "website": [],
            "website_domain": null,
            "website_endpoint": null
          },
          "sensitive_attributes": [],
          "identity_schema_version": 0,
          "private": "eyJlMmJmYjczMC1lY2FhLTExZTYtOGY4OC0zNDM2M2JjN2M0YzAiOnsiY3JlYXRlIjoxMjAwMDAwMDAwMDAwLCJkZWxldGUiOjM2MDAwMDAwMDAwMDAsInJlYWQiOjEyMDAwMDAwMDAwMDAsInVwZGF0ZSI6MTIwMDAwMDAwMDAwMH19",
          "dependencies": [
            "module.s3.data.aws_caller_identity.current"
          ]
        }
      ]
    },
    {
      "module": "module.s3",
      "mode": "managed",
      "type": "aws_s3_bucket_cors_configuration",
      "name": "content",
      "provider": "provider[\"registry.terraform.io/hashicorp/aws\"]",
      "instances": [
        {
          "schema_version": 0,
          "attributes": {
            "bucket": "sensapbl-pilot-content-311964231104",
            "cors_rule": [
              {
                "allowed_headers": [
                  "*"
                ],
                "allowed_methods": [
                  "DELETE",
                  "GET",
                  "POST",
                  "PUT"
                ],
                "allowed_origins": [
                  "*"
                ],
                "expose_headers": [
                  "ETag"
                ],
                "id": "",
                "max_age_seconds": 3000
              }
            ],
            "expected_bucket_owner": "",
            "id": "sensapbl-pilot-content-311964231104"
          },
          "sensitive_attributes": [],
          "identity_schema_version": 0,
          "private": "bnVsbA==",
          "dependencies": [
            "module.s3.aws_s3_bucket.content",
            "module.s3.data.aws_caller_identity.current"
          ]
        }
      ]
    },
    {
      "module": "module.s3",
      "mode": "managed",
      "type": "aws_s3_bucket_public_access_block",
      "name": "content",
      "provider": "provider[\"registry.terraform.io/hashicorp/aws\"]",
      "instances": [
        {
          "schema_version": 0,
          "attributes": {
            "block_public_acls": true,
            "block_public_policy": true,
            "bucket": "sensapbl-pilot-content-311964231104",
            "id": "sensapbl-pilot-content-311964231104",
            "ignore_public_acls": true,
            "restrict_public_buckets": true
          },
          "sensitive_attributes": [],
          "identity_schema_version": 0,
          "private": "bnVsbA==",
          "dependencies": [
            "module.s3.aws_s3_bucket.content",
            "module.s3.data.aws_caller_identity.current"
          ]
        }
      ]
    },
    {
      "module": "module.s3",
      "mode": "managed",
      "type": "aws_s3_bucket_server_side_encryption_configuration",
      "name": "content",
      "provider": "provider[\"registry.terraform.io/hashicorp/aws\"]",
      "instances": [
        {
          "schema_version": 0,
          "attributes": {
            "bucket": "sensapbl-pilot-content-311964231104",
            "expected_bucket_owner": "",
            "id": "sensapbl-pilot-content-311964231104",
            "rule": [
              {
                "apply_server_side_encryption_by_default": [
                  {
                    "kms_master_key_id": "",
                    "sse_algorithm": "AES256"
                  }
                ],
                "bucket_key_enabled": false
              }
            ]
          },
          "sensitive_attributes": [],
          "identity_schema_version": 0,
          "private": "bnVsbA==",
          "dependencies": [
            "module.s3.aws_s3_bucket.content",
            "module.s3.data.aws_caller_identity.current"
          ]
        }
      ]
    },
    {
      "module": "module.s3",
      "mode": "managed",
      "type": "aws_s3_bucket_versioning",
      "name": "content",
      "provider": "provider[\"registry.terraform.io/hashicorp/aws\"]",
      "instances": [
        {
          "schema_version": 0,
          "attributes": {
            "bucket": "sensapbl-pilot-content-311964231104",
            "expected_bucket_owner": "",
            "id": "sensapbl-pilot-content-311964231104",
            "mfa": null,
            "versioning_configuration": [
              {
                "mfa_delete": "",
                "status": "Enabled"
              }
            ]
          },
          "sensitive_attributes": [],
          "identity_schema_version": 0,
          "private": "bnVsbA==",
          "dependencies": [
            "module.s3.aws_s3_bucket.content",
            "module.s3.data.aws_caller_identity.current"
          ]
        }
      ]
    }
  ],
  "check_results": null
}
